
Microsoft Visual Studio Solution File, Format Version 12.00
# Visual Studio 15
VisualStudioVersion = 15.0.26124.0
MinimumVisualStudioVersion = 15.0.26124.0
Project("{FAE04EC0-301F-11D3-BF4B-00C04F79EFBC}") = "Zenoh", "..\Zenoh\Zenoh.csproj", "{05075D28-DE9E-4CB4-9976-FCBDD170A7B5}"
EndProject
Project("{FAE04EC0-301F-11D3-BF4B-00C04F79EFBC}") = "ZGet", "ZGet\ZGet.csproj", "{7CBBC11C-8F9D-40D4-B1A6-AD472FDF99C0}"
EndProject
Project("{FAE04EC0-301F-11D3-BF4B-00C04F79EFBC}") = "ZPut", "ZPut\ZPut.csproj", "{13E0FD6C-35D7-4422-A37F-4724D7DCDA2C}"
EndProject
Project("{FAE04EC0-301F-11D3-BF4B-00C04F79EFBC}") = "ZSub", "ZSub\ZSub.csproj", "{435FE932-CE46-49D0-B921-AC1B11585F13}"
EndProject
Project("{FAE04EC0-301F-11D3-BF4B-00C04F79EFBC}") = "ZInfo", "ZInfo\ZInfo.csproj", "{B973A563-44AD-4B68-855C-46B5D58DCE32}"
EndProject
Project("{FAE04EC0-301F-11D3-BF4B-00C04F79EFBC}") = "ZPub", "ZPub\ZPub.csproj", "{D642DF1F-7096-4D47-A5EA-FCF624536993}"
EndProject
Project("{FAE04EC0-301F-11D3-BF4B-00C04F79EFBC}") = "ZQueryable", "ZQueryable\ZQueryable.csproj", "{C8BACCA5-5B34-4617-B29B-E70A749102C9}"
EndProject
Project("{FAE04EC0-301F-11D3-BF4B-00C04F79EFBC}") = "ZPull", "ZPull\ZPull.csproj", "{012C1E5E-3C4C-4D0C-B65E-C1671B26CFC3}"
EndProject
Project("{FAE04EC0-301F-11D3-BF4B-00C04F79EFBC}") = "ZDelete", "ZDelete\ZDelete.csproj", "{6512687B-8262-453C-B570-436B221882DE}"
EndProject
Project("{FAE04EC0-301F-11D3-BF4B-00C04F79EFBC}") = "ZQueryableWithChannels", "ZQueryableWithChannels\ZQueryableWithChannels.csproj", "{F35FA149-87EE-463A-A1B0-99F0C7E6CE6E}"
EndProject
Project("{FAE04EC0-301F-11D3-BF4B-00C04F79EFBC}") = "ZLiveliness", "ZLiveliness\ZLiveliness.csproj", "{C0BF71D8-BA8A-4D0B-BE0C-624AB0FD2E67}"
EndProject
Project("{FAE04EC0-301F-11D3-BF4B-00C04F79EFBC}") = "ZSubLiveliness", "ZSubLiveliness\ZSubLiveliness.csproj", "{C5E95A02-A9FE-4F4F-9F94-02F60D81FA6D}"
EndProject
Project("{FAE04EC0-301F-11D3-BF4B-00C04F79EFBC}") = "ZGetLiveliness", "ZGetLiveliness\ZGetLiveliness.csproj", "{46EEF44B-F79F-479B-B0CC-3DE8A66B83BE}"
EndProject
Project("{FAE04EC0-301F-11D3-BF4B-00C04F79EFBC}") = "ZQuerier", "ZQuerier\ZQuerier.csproj", "{0E7807BE-F90D-4571-AD4B-99BC8CA7A4F5}"
EndProject
Project("{FAE04EC0-301F-11D3-BF4B-00C04F79EFBC}") = "ZBytes", "ZBytes\ZBytes.csproj", "{3985AEFB-7DFC-4E16-A3D8-B82BA35DEEC5}"
EndProject
Project("{FAE04EC0-301F-11D3-BF4B-00C04F79EFBC}") = "ZPubShm", "ZPubShm\ZPubShm.csproj", "{570FA04C-A01B-49A2-A4F4-C95C54E224BD}"
EndProject
Global
	GlobalSection(SolutionConfigurationPlatforms) = preSolution
		Debug|x64 = Debug|x64
		Debug|ARM64 = Debug|ARM64
		Release|x64 = Release|x64
		Release|ARM64 = Release|ARM64
	EndGlobalSection
	GlobalSection(SolutionProperties) = preSolution
		HideSolutionNode = FALSE
	EndGlobalSection
	GlobalSection(ProjectConfigurationPlatforms) = postSolution
		{05075D28-DE9E-4CB4-9976-FCBDD170A7B5}.Debug|x64.ActiveCfg = Debug|x64
		{05075D28-DE9E-4CB4-9976-FCBDD170A7B5}.Debug|x64.Build.0 = Debug|x64
		{05075D28-DE9E-4CB4-9976-FCBDD170A7B5}.Release|x64.ActiveCfg = Release|x64
		{05075D28-DE9E-4CB4-9976-FCBDD170A7B5}.Release|x64.Build.0 = Release|x64
		{05075D28-DE9E-4CB4-9976-FCBDD170A7B5}.Debug|ARM64.ActiveCfg = Debug|ARM64
		{05075D28-DE9E-4CB4-9976-FCBDD170A7B5}.Debug|ARM64.Build.0 = Debug|ARM64
		{05075D28-DE9E-4CB4-9976-FCBDD170A7B5}.Release|ARM64.ActiveCfg = Release|ARM64
		{05075D28-DE9E-4CB4-9976-FCBDD170A7B5}.Release|ARM64.Build.0 = Release|ARM64
		{7CBBC11C-8F9D-40D4-B1A6-AD472FDF99C0}.Debug|x64.ActiveCfg = Debug|x64
		{7CBBC11C-8F9D-40D4-B1A6-AD472FDF99C0}.Debug|x64.Build.0 = Debug|x64
		{7CBBC11C-8F9D-40D4-B1A6-AD472FDF99C0}.Release|x64.ActiveCfg = Release|x64
		{7CBBC11C-8F9D-40D4-B1A6-AD472FDF99C0}.Release|x64.Build.0 = Release|x64
		{7CBBC11C-8F9D-40D4-B1A6-AD472FDF99C0}.Debug|ARM64.ActiveCfg = Debug|ARM64
		{7CBBC11C-8F9D-40D4-B1A6-AD472FDF99C0}.Debug|ARM64.Build.0 = Debug|ARM64
		{7CBBC11C-8F9D-40D4-B1A6-AD472FDF99C0}.Release|ARM64.ActiveCfg = Release|ARM64
		{7CBBC11C-8F9D-40D4-B1A6-AD472FDF99C0}.Release|ARM64.Build.0 = Release|ARM64
		{B973A563-44AD-4B68-855C-46B5D58DCE32}.Debug|x64.ActiveCfg = Debug|x64
		{B973A563-44AD-4B68-855C-46B5D58DCE32}.Debug|x64.Build.0 = Debug|x64
		{B973A563-44AD-4B68-855C-46B5D58DCE32}.Release|x64.ActiveCfg = Release|x64
		{B973A563-44AD-4B68-855C-46B5D58DCE32}.Release|x64.Build.0 = Release|x64
		{B973A563-44AD-4B68-855C-46B5D58DCE32}.Debug|ARM64.ActiveCfg = Debug|ARM64
		{B973A563-44AD-4B68-855C-46B5D58DCE32}.Debug|ARM64.Build.0 = Debug|ARM64
		{B973A563-44AD-4B68-855C-46B5D58DCE32}.Release|ARM64.ActiveCfg = Release|ARM64
		{B973A563-44AD-4B68-855C-46B5D58DCE32}.Release|ARM64.Build.0 = Release|ARM64
		{13E0FD6C-35D7-4422-A37F-4724D7DCDA2C}.Debug|x64.ActiveCfg = Debug|x64
		{13E0FD6C-35D7-4422-A37F-4724D7DCDA2C}.Debug|x64.Build.0 = Debug|x64
		{13E0FD6C-35D7-4422-A37F-4724D7DCDA2C}.Release|x64.ActiveCfg = Release|x64
		{13E0FD6C-35D7-4422-A37F-4724D7DCDA2C}.Release|x64.Build.0 = Release|x64
		{13E0FD6C-35D7-4422-A37F-4724D7DCDA2C}.Debug|ARM64.ActiveCfg = Debug|ARM64
		{13E0FD6C-35D7-4422-A37F-4724D7DCDA2C}.Debug|ARM64.Build.0 = Debug|ARM64
		{13E0FD6C-35D7-4422-A37F-4724D7DCDA2C}.Release|ARM64.ActiveCfg = Release|ARM64
		{13E0FD6C-35D7-4422-A37F-4724D7DCDA2C}.Release|ARM64.Build.0 = Release|ARM64
		{435FE932-CE46-49D0-B921-AC1B11585F13}.Debug|x64.ActiveCfg = Debug|x64
		{435FE932-CE46-49D0-B921-AC1B11585F13}.Debug|x64.Build.0 = Debug|x64
		{435FE932-CE46-49D0-B921-AC1B11585F13}.Release|x64.ActiveCfg = Release|x64
		{435FE932-CE46-49D0-B921-AC1B11585F13}.Release|x64.Build.0 = Release|x64
		{435FE932-CE46-49D0-B921-AC1B11585F13}.Debug|ARM64.ActiveCfg = Debug|ARM64
		{435FE932-CE46-49D0-B921-AC1B11585F13}.Debug|ARM64.Build.0 = Debug|ARM64
		{435FE932-CE46-49D0-B921-AC1B11585F13}.Release|ARM64.ActiveCfg = Release|ARM64
		{435FE932-CE46-49D0-B921-AC1B11585F13}.Release|ARM64.Build.0 = Release|ARM64
		{D642DF1F-7096-4D47-A5EA-FCF624536993}.Debug|ARM64.ActiveCfg = Debug|ARM64
		{D642DF1F-7096-4D47-A5EA-FCF624536993}.Debug|ARM64.Build.0 = Debug|ARM64
		{D642DF1F-7096-4D47-A5EA-FCF624536993}.Debug|x64.ActiveCfg = Debug|x64
		{D642DF1F-7096-4D47-A5EA-FCF624536993}.Debug|x64.Build.0 = Debug|x64
		{D642DF1F-7096-4D47-A5EA-FCF624536993}.Release|ARM64.ActiveCfg = Debug|ARM64
		{D642DF1F-7096-4D47-A5EA-FCF624536993}.Release|ARM64.Build.0 = Debug|ARM64
		{D642DF1F-7096-4D47-A5EA-FCF624536993}.Release|x64.ActiveCfg = Release|x64
		{D642DF1F-7096-4D47-A5EA-FCF624536993}.Release|x64.Build.0 = Release|x64
		{C8BACCA5-5B34-4617-B29B-E70A749102C9}.Debug|ARM64.ActiveCfg = Debug|ARM64
		{C8BACCA5-5B34-4617-B29B-E70A749102C9}.Debug|ARM64.Build.0 = Debug|ARM64
		{C8BACCA5-5B34-4617-B29B-E70A749102C9}.Debug|x64.ActiveCfg = Debug|x64
		{C8BACCA5-5B34-4617-B29B-E70A749102C9}.Debug|x64.Build.0 = Debug|x64
		{C8BACCA5-5B34-4617-B29B-E70A749102C9}.Release|ARM64.ActiveCfg = Release|ARM64
		{C8BACCA5-5B34-4617-B29B-E70A749102C9}.Release|ARM64.Build.0 = Release|ARM64
		{C8BACCA5-5B34-4617-B29B-E70A749102C9}.Release|x64.ActiveCfg = Release|x64
		{C8BACCA5-5B34-4617-B29B-E70A749102C9}.Release|x64.Build.0 = Release|x64
		{012C1E5E-3C4C-4D0C-B65E-C1671B26CFC3}.Debug|x64.ActiveCfg = Debug|x64
		{012C1E5E-3C4C-4D0C-B65E-C1671B26CFC3}.Debug|x64.Build.0 = Debug|x64
		{012C1E5E-3C4C-4D0C-B65E-C1671B26CFC3}.Debug|ARM64.ActiveCfg = Debug|ARM64
		{012C1E5E-3C4C-4D0C-B65E-C1671B26CFC3}.Debug|ARM64.Build.0 = Debug|ARM64
		{012C1E5E-3C4C-4D0C-B65E-C1671B26CFC3}.Release|x64.ActiveCfg = Release|x64
		{012C1E5E-3C4C-4D0C-B65E-C1671B26CFC3}.Release|x64.Build.0 = Release|x64
		{012C1E5E-3C4C-4D0C-B65E-C1671B26CFC3}.Release|ARM64.ActiveCfg = Release|ARM64
		{012C1E5E-3C4C-4D0C-B65E-C1671B26CFC3}.Release|ARM64.Build.0 = Release|ARM64
		{6512687B-8262-453C-B570-436B221882DE}.Debug|x64.ActiveCfg = Debug|x64
		{6512687B-8262-453C-B570-436B221882DE}.Debug|x64.Build.0 = Debug|x64
		{6512687B-8262-453C-B570-436B221882DE}.Debug|ARM64.ActiveCfg = Debug|ARM64
		{6512687B-8262-453C-B570-436B221882DE}.Debug|ARM64.Build.0 = Debug|ARM64
		{6512687B-8262-453C-B570-436B221882DE}.Release|x64.ActiveCfg = Release|x64
		{6512687B-8262-453C-B570-436B221882DE}.Release|x64.Build.0 = Release|x64
		{6512687B-8262-453C-B570-436B221882DE}.Release|ARM64.ActiveCfg = Release|ARM64
		{6512687B-8262-453C-B570-436B221882DE}.Release|ARM64.Build.0 = Release|ARM64
		{F35FA149-87EE-463A-A1B0-99F0C7E6CE6E}.Debug|x64.ActiveCfg = Debug|x64
		{F35FA149-87EE-463A-A1B0-99F0C7E6CE6E}.Debug|x64.Build.0 = Debug|x64
		{F35FA149-87EE-463A-A1B0-99F0C7E6CE6E}.Debug|ARM64.ActiveCfg = Debug|ARM64
		{F35FA149-87EE-463A-A1B0-99F0C7E6CE6E}.Debug|ARM64.Build.0 = Debug|ARM64
		{F35FA149-87EE-463A-A1B0-99F0C7E6CE6E}.Release|x64.ActiveCfg = Release|x64
		{F35FA149-87EE-463A-A1B0-99F0C7E6CE6E}.Release|x64.Build.0 = Release|x64
		{F35FA149-87EE-463A-A1B0-99F0C7E6CE6E}.Release|ARM64.ActiveCfg = Release|ARM64
		{F35FA149-87EE-463A-A1B0-99F0C7E6CE6E}.Release|ARM64.Build.0 = Release|ARM64
		{C0BF71D8-BA8A-4D0B-BE0C-624AB0FD2E67}.Debug|x64.ActiveCfg = Debug|x64
		{C0BF71D8-BA8A-4D0B-BE0C-624AB0FD2E67}.Debug|x64.Build.0 = Debug|x64
		{C0BF71D8-BA8A-4D0B-BE0C-624AB0FD2E67}.Debug|ARM64.ActiveCfg = Debug|ARM64
		{C0BF71D8-BA8A-4D0B-BE0C-624AB0FD2E67}.Debug|ARM64.Build.0 = Debug|ARM64
		{C0BF71D8-BA8A-4D0B-BE0C-624AB0FD2E67}.Release|x64.ActiveCfg = Release|x64
		{C0BF71D8-BA8A-4D0B-BE0C-624AB0FD2E67}.Release|x64.Build.0 = Release|x64
		{C0BF71D8-BA8A-4D0B-BE0C-624AB0FD2E67}.Release|ARM64.ActiveCfg = Release|ARM64
		{C0BF71D8-BA8A-4D0B-BE0C-624AB0FD2E67}.Release|ARM64.Build.0 = Release|ARM64
		{C5E95A02-A9FE-4F4F-9F94-02F60D81FA6D}.Debug|x64.ActiveCfg = Debug|x64
		{C5E95A02-A9FE-4F4F-9F94-02F60D81FA6D}.Debug|x64.Build.0 = Debug|x64
		{C5E95A02-A9FE-4F4F-9F94-02F60D81FA6D}.Debug|ARM64.ActiveCfg = Debug|ARM64
		{C5E95A02-A9FE-4F4F-9F94-02F60D81FA6D}.Debug|ARM64.Build.0 = Debug|ARM64
		{C5E95A02-A9FE-4F4F-9F94-02F60D81FA6D}.Release|x64.ActiveCfg = Release|x64
		{C5E95A02-A9FE-4F4F-9F94-02F60D81FA6D}.Release|x64.Build.0 = Release|x64
		{C5E95A02-A9FE-4F4F-9F94-02F60D81FA6D}.Release|ARM64.ActiveCfg = Release|ARM64
		{C5E95A02-A9FE-4F4F-9F94-02F60D81FA6D}.Release|ARM64.Build.0 = Release|ARM64
		{46EEF44B-F79F-479B-B0CC-3DE8A66B83BE}.Debug|x64.ActiveCfg = Debug|x64
		{46EEF44B-F79F-479B-B0CC-3DE8A66B83BE}.Debug|x64.Build.0 = Debug|x64
		{46EEF44B-F79F-479B-B0CC-3DE8A66B83BE}.Debug|ARM64.ActiveCfg = Debug|ARM64
		{46EEF44B-F79F-479B-B0CC-3DE8A66B83BE}.Debug|ARM64.Build.0 = Debug|ARM64
		{46EEF44B-F79F-479B-B0CC-3DE8A66B83BE}.Release|x64.ActiveCfg = Release|x64
		{46EEF44B-F79F-479B-B0CC-3DE8A66B83BE}.Release|x64.Build.0 = Release|x64
		{46EEF44B-F79F-479B-B0CC-3DE8A66B83BE}.Release|ARM64.ActiveCfg = Release|ARM64
		{46EEF44B-F79F-479B-B0CC-3DE8A66B83BE}.Release|ARM64.Build.0 = Release|ARM64
		{0E7807BE-F90D-4571-AD4B-99BC8CA7A4F5}.Debug|x64.ActiveCfg = Debug|x64
		{0E7807BE-F90D-4571-AD4B-99BC8CA7A4F5}.Debug|x64.Build.0 = Debug|x64
		{0E7807BE-F90D-4571-AD4B-99BC8CA7A4F5}.Debug|ARM64.ActiveCfg = Debug|ARM64
		{0E7807BE-F90D-4571-AD4B-99BC8CA7A4F5}.Debug|ARM64.Build.0 = Debug|ARM64
		{0E7807BE-F90D-4571-AD4B-99BC8CA7A4F5}.Release|x64.ActiveCfg = Release|x64
		{0E7807BE-F90D-4571-AD4B-99BC8CA7A4F5}.Release|x64.Build.0 = Release|x64
		{0E7807BE-F90D-4571-AD4B-99BC8CA7A4F5}.Release|ARM64.ActiveCfg = Release|ARM64
		{0E7807BE-F90D-4571-AD4B-99BC8CA7A4F5}.Release|ARM64.Build.0 = Release|ARM64
		{3985AEFB-7DFC-4E16-A3D8-B82BA35DEEC5}.Debug|x64.ActiveCfg = Debug|x64
		{3985AEFB-7DFC-4E16-A3D8-B82BA35DEEC5}.Debug|x64.Build.0 = Debug|x64
		{3985AEFB-7DFC-4E16-A3D8-B82BA35DEEC5}.Debug|ARM64.ActiveCfg = Debug|ARM64
		{3985AEFB-7DFC-4E16-A3D8-B82BA35DEEC5}.Debug|ARM64.Build.0 = Debug|ARM64
		{3985AEFB-7DFC-4E16-A3D8-B82BA35DEEC5}.Release|x64.ActiveCfg = Release|x64
		{3985AEFB-7DFC-4E16-A3D8-B82BA35DEEC5}.Release|x64.Build.0 = Release|x64
		{3985AEFB-7DFC-4E16-A3D8-B82BA35DEEC5}.Release|ARM64.ActiveCfg = Release|ARM64
		{3985AEFB-7DFC-4E16-A3D8-B82BA35DEEC5}.Release|ARM64.Build.0 = Release|ARM64
		{570FA04C-A01B-49A2-A4F4-C95C54E224BD}.Debug|x64.ActiveCfg = Debug|x64
		{570FA04C-A01B-49A2-A4F4-C95C54E224BD}.Debug|x64.Build.0 = Debug|x64
		{570FA04C-A01B-49A2-A4F4-C95C54E224BD}.Debug|ARM64.ActiveCfg = Debug|ARM64
		{570FA04C-A01B-49A2-A4F4-C95C54E224BD}.Debug|ARM64.Build.0 = Debug|ARM64
		{570FA04C-A01B-49A2-A4F4-C95C54E224BD}.Release|x64.ActiveCfg = Release|x64
		{570FA04C-A01B-49A2-A4F4-C95C54E224BD}.Release|x64.Build.0 = Release|x64
		{570FA04C-A01B-49A2-A4F4-C95C54E224BD}.Release|ARM64.ActiveCfg = Release|ARM64
		{570FA04C-A01B-49A2-A4F4-C95C54E224BD}.Release|ARM64.Build.0 = Release|ARM64
	EndGlobalSection
EndGlobal
